lockfileVersion: '6.0'

settings:
  autoInstallPeers: true
  excludeLinksFromLockfile: false

dependencies:
  vue:
    specifier: ^2.7.16
    version: 2.7.16
  vue-router:
    specifier: ^3.6.5
    version: 3.6.5(vue@2.7.16)

devDependencies:
  '@biomejs/biome':
    specifier: ^1.8.3
    version: 1.8.3
  '@rsbuild/core':
    specifier: ^1.0.2
    version: 1.0.2
  '@rsbuild/plugin-vue2':
    specifier: ^1.0.1
    version: 1.0.1(@rsbuild/core@1.0.2)(css-loader@7.1.2)

packages:

  /@babel/helper-string-parser@7.24.8:
    resolution: {integrity: sha512-pO9KhhRcuUyGnJWwyEgnRJTSIZHiT+vMD0kPeD+so0l7mxkMT19g3pjY9GTnHySck/hDzq+dtW/4VgnMkippsQ==}
    engines: {node: '>=6.9.0'}
    dev: false

  /@babel/helper-validator-identifier@7.24.7:
    resolution: {integrity: sha512-rR+PBcQ1SMQDDyF6X0wxtG8QyLCgUB0eRAGguqRLfkCA87l7yAP7ehq8SNj96OOGTO8OBV70KhuFYcIkHXOg0w==}
    engines: {node: '>=6.9.0'}
    dev: false

  /@babel/parser@7.25.6:
    resolution: {integrity: sha512-trGdfBdbD0l1ZPmcJ83eNxB9rbEax4ALFTF7fN386TMYbeCQbyme5cOEXQhbGXKebwGaB/J52w1mrklMcbgy6Q==}
    engines: {node: '>=6.0.0'}
    hasBin: true
    dependencies:
      '@babel/types': 7.25.6
    dev: false

  /@babel/types@7.25.6:
    resolution: {integrity: sha512-/l42B1qxpG6RdfYf343Uw1vmDjeNhneUXtzhojE7pDgfpEypmRhI6j1kr17XCVv4Cgl9HdAiQY2x0GwKm7rWCw==}
    engines: {node: '>=6.9.0'}
    dependencies:
      '@babel/helper-string-parser': 7.24.8
      '@babel/helper-validator-identifier': 7.24.7
      to-fast-properties: 2.0.0
    dev: false

  /@biomejs/biome@1.8.3:
    resolution: {integrity: sha512-/uUV3MV+vyAczO+vKrPdOW0Iaet7UnJMU4bNMinggGJTAnBPjCoLEYcyYtYHNnUNYlv4xZMH6hVIQCAozq8d5w==}
    engines: {node: '>=14.21.3'}
    hasBin: true
    requiresBuild: true
    optionalDependencies:
      '@biomejs/cli-darwin-arm64': 1.8.3
      '@biomejs/cli-darwin-x64': 1.8.3
      '@biomejs/cli-linux-arm64': 1.8.3
      '@biomejs/cli-linux-arm64-musl': 1.8.3
      '@biomejs/cli-linux-x64': 1.8.3
      '@biomejs/cli-linux-x64-musl': 1.8.3
      '@biomejs/cli-win32-arm64': 1.8.3
      '@biomejs/cli-win32-x64': 1.8.3
    dev: true

  /@biomejs/cli-darwin-arm64@1.8.3:
    resolution: {integrity: sha512-9DYOjclFpKrH/m1Oz75SSExR8VKvNSSsLnVIqdnKexj6NwmiMlKk94Wa1kZEdv6MCOHGHgyyoV57Cw8WzL5n3A==}
    engines: {node: '>=14.21.3'}
    cpu: [arm64]
    os: [darwin]
    requiresBuild: true
    dev: true
    optional: true

  /@biomejs/cli-darwin-x64@1.8.3:
    resolution: {integrity: sha512-UeW44L/AtbmOF7KXLCoM+9PSgPo0IDcyEUfIoOXYeANaNXXf9mLUwV1GeF2OWjyic5zj6CnAJ9uzk2LT3v/wAw==}
    engines: {node: '>=14.21.3'}
    cpu: [x64]
    os: [darwin]
    requiresBuild: true
    dev: true
    optional: true

  /@biomejs/cli-linux-arm64-musl@1.8.3:
    resolution: {integrity: sha512-9yjUfOFN7wrYsXt/T/gEWfvVxKlnh3yBpnScw98IF+oOeCYb5/b/+K7YNqKROV2i1DlMjg9g/EcN9wvj+NkMuQ==}
    engines: {node: '>=14.21.3'}
    cpu: [arm64]
    os: [linux]
    libc: [musl]
    requiresBuild: true
    dev: true
    optional: true

  /@biomejs/cli-linux-arm64@1.8.3:
    resolution: {integrity: sha512-fed2ji8s+I/m8upWpTJGanqiJ0rnlHOK3DdxsyVLZQ8ClY6qLuPc9uehCREBifRJLl/iJyQpHIRufLDeotsPtw==}
    engines: {node: '>=14.21.3'}
    cpu: [arm64]
    os: [linux]
    libc: [glibc]
    requiresBuild: true
    dev: true
    optional: true

  /@biomejs/cli-linux-x64-musl@1.8.3:
    resolution: {integrity: sha512-UHrGJX7PrKMKzPGoEsooKC9jXJMa28TUSMjcIlbDnIO4EAavCoVmNQaIuUSH0Ls2mpGMwUIf+aZJv657zfWWjA==}
    engines: {node: '>=14.21.3'}
    cpu: [x64]
    os: [linux]
    libc: [musl]
    requiresBuild: true
    dev: true
    optional: true

  /@biomejs/cli-linux-x64@1.8.3:
    resolution: {integrity: sha512-I8G2QmuE1teISyT8ie1HXsjFRz9L1m5n83U1O6m30Kw+kPMPSKjag6QGUn+sXT8V+XWIZxFFBoTDEDZW2KPDDw==}
    engines: {node: '>=14.21.3'}
    cpu: [x64]
    os: [linux]
    libc: [glibc]
    requiresBuild: true
    dev: true
    optional: true

  /@biomejs/cli-win32-arm64@1.8.3:
    resolution: {integrity: sha512-J+Hu9WvrBevfy06eU1Na0lpc7uR9tibm9maHynLIoAjLZpQU3IW+OKHUtyL8p6/3pT2Ju5t5emReeIS2SAxhkQ==}
    engines: {node: '>=14.21.3'}
    cpu: [arm64]
    os: [win32]
    requiresBuild: true
    dev: true
    optional: true

  /@biomejs/cli-win32-x64@1.8.3:
    resolution: {integrity: sha512-/PJ59vA1pnQeKahemaQf4Nyj7IKUvGQSc3Ze1uIGi+Wvr1xF7rGobSrAAG01T/gUDG21vkDsZYM03NAmPiVkqg==}
    engines: {node: '>=14.21.3'}
    cpu: [x64]
    os: [win32]
    requiresBuild: true
    dev: true
    optional: true

  /@jridgewell/gen-mapping@0.3.5:
    resolution: {integrity: sha512-IzL8ZoEDIBRWEzlCcRhOaCupYyN5gdIK+Q6fbFdPDg6HqX6jpkItn7DFIpW9LQzXG6Df9sA7+OKnq0qlz/GaQg==}
    engines: {node: '>=6.0.0'}
    dependencies:
      '@jridgewell/set-array': 1.2.1
      '@jridgewell/sourcemap-codec': 1.5.0
      '@jridgewell/trace-mapping': 0.3.25
    dev: true

  /@jridgewell/resolve-uri@3.1.2:
    resolution: {integrity: sha512-bRISgCIjP20/tbWSPWMEi54QVPRZExkuD9lJL+UIxUKtwVJA8wW1Trb1jMs1RFXo1CBTNZ/5hpC9QvmKWdopKw==}
    engines: {node: '>=6.0.0'}
    dev: true

  /@jridgewell/set-array@1.2.1:
    resolution: {integrity: sha512-R8gLRTZeyp03ymzP/6Lil/28tGeGEzhx1q2k703KGWRAI1VdvPIXdG70VJc2pAMw3NA6JKL5hhFu1sJX0Mnn/A==}
    engines: {node: '>=6.0.0'}
    dev: true

  /@jridgewell/source-map@0.3.6:
    resolution: {integrity: sha512-1ZJTZebgqllO79ue2bm3rIGud/bOe0pP5BjSRCRxxYkEZS8STV7zN84UBbiYu7jy+eCKSnVIUgoWWE/tt+shMQ==}
    dependencies:
      '@jridgewell/gen-mapping': 0.3.5
      '@jridgewell/trace-mapping': 0.3.25
    dev: true

  /@jridgewell/sourcemap-codec@1.5.0:
    resolution: {integrity: sha512-gv3ZRaISU3fjPAgNsriBRqGWQL6quFx04YMPW/zD8XMLsU32mhCCbfbO6KZFLjvYpCZ8zyDEgqsgf+PwPaM7GQ==}
    dev: true

  /@jridgewell/trace-mapping@0.3.25:
    resolution: {integrity: sha512-vNk6aEwybGtawWmy/PzwnGDOjCkLWSD2wqvjGGAgOAwCGWySYXfYoxt00IJkTF+8Lb57DwOb3Aa0o9CApepiYQ==}
    dependencies:
      '@jridgewell/resolve-uri': 3.1.2
      '@jridgewell/sourcemap-codec': 1.5.0
    dev: true

  /@module-federation/runtime-tools@0.5.1:
    resolution: {integrity: sha512-nfBedkoZ3/SWyO0hnmaxuz0R0iGPSikHZOAZ0N/dVSQaIzlffUo35B5nlC2wgWIc0JdMZfkwkjZRrnuuDIJbzg==}
    dependencies:
      '@module-federation/runtime': 0.5.1
      '@module-federation/webpack-bundler-runtime': 0.5.1
    dev: true

  /@module-federation/runtime@0.5.1:
    resolution: {integrity: sha512-xgiMUWwGLWDrvZc9JibuEbXIbhXg6z2oUkemogSvQ4LKvrl/n0kbqP1Blk669mXzyWbqtSp6PpvNdwaE1aN5xQ==}
    dependencies:
      '@module-federation/sdk': 0.5.1
    dev: true

  /@module-federation/sdk@0.5.1:
    resolution: {integrity: sha512-exvchtjNURJJkpqjQ3/opdbfeT2wPKvrbnGnyRkrwW5o3FH1LaST1tkiNviT6OXTexGaVc2DahbdniQHVtQ7pA==}
    dev: true

  /@module-federation/webpack-bundler-runtime@0.5.1:
    resolution: {integrity: sha512-mMhRFH0k2VjwHt3Jol9JkUsmI/4XlrAoBG3E0o7HoyoPYv1UFOWyqAflfANcUPgbYpvqmyLzDcO+3IT36LXnrA==}
    dependencies:
      '@module-federation/runtime': 0.5.1
      '@module-federation/sdk': 0.5.1
    dev: true

  /@rsbuild/core@1.0.2:
    resolution: {integrity: sha512-kEHmNj4QjDoqvyswEiz8gJCdc2Yo4SXlQD+TnY7ch8pTVs6kLnXRa1KclFLCdgwYnikYvvPsbBERSF8Y2I3KDg==}
    engines: {node: '>=16.7.0'}
    hasBin: true
    dependencies:
      '@rspack/core': 1.0.4(@swc/helpers@0.5.13)
      '@rspack/lite-tapable': 1.0.0
      '@swc/helpers': 0.5.13
      caniuse-lite: 1.0.30001660
      core-js: 3.38.1
    optionalDependencies:
      fsevents: 2.3.3
    dev: true

  /@rsbuild/plugin-vue2@1.0.1(@rsbuild/core@1.0.2)(css-loader@7.1.2):
    resolution: {integrity: sha512-lHgEp/pPQBQb4I0SfSI477sN8SHHHSFN0j7+rej2TKhv/Y9g6XDkJy//TOWxFqANy5RoGAkjeOVMGDnR5bDOCg==}
    peerDependencies:
      '@rsbuild/core': 1.x || ^1.0.1-beta.0
    peerDependenciesMeta:
      '@rsbuild/core':
        optional: true
    dependencies:
      '@rsbuild/core': 1.0.2
      vue-loader: 15.11.1(css-loader@7.1.2)(webpack@5.94.0)
      webpack: 5.94.0
    transitivePeerDependencies:
      - '@swc/core'
      - '@vue/compiler-sfc'
      - arc-templates
      - atpl
      - babel-core
      - bracket-template
      - cache-loader
      - coffee-script
      - css-loader
      - dot
      - dust
      - dustjs-helpers
      - dustjs-linkedin
      - eco
      - ect
      - ejs
      - esbuild
      - haml-coffee
      - hamlet
      - hamljs
      - handlebars
      - hogan.js
      - htmling
      - jade
      - jazz
      - jqtpl
      - just
      - liquid-node
      - liquor
      - lodash
      - marko
      - mote
      - mustache
      - nunjucks
      - plates
      - prettier
      - pug
      - qejs
      - ractive
      - razor-tmpl
      - react
      - react-dom
      - slm
      - squirrelly
      - swig
      - swig-templates
      - teacup
      - templayed
      - then-jade
      - then-pug
      - tinyliquid
      - toffee
      - twig
      - twing
      - uglify-js
      - underscore
      - vash
      - velocityjs
      - vue-template-compiler
      - walrus
      - webpack-cli
      - whiskers
    dev: true

  /@rspack/binding-darwin-arm64@1.0.4:
    resolution: {integrity: sha512-HR4OVarDhLYAd3GRus26mGjaoEkvFGSdhRHWPXkTqPWT1QIx+cMTDe2dUnEb/CZyvpH0afLBlVHrxqUBNiLT/Q==}
    cpu: [arm64]
    os: [darwin]
    requiresBuild: true
    dev: true
    optional: true

  /@rspack/binding-darwin-x64@1.0.4:
    resolution: {integrity: sha512-3L/vrzrcBpg1h7SqD+9m7CB0UlkDt3aOyJGZc0vwLOQM8IezRsawEoidyN9KyYhpDzBZHzLAUnsva33BcbFJYQ==}
    cpu: [x64]
    os: [darwin]
    requiresBuild: true
    dev: true
    optional: true

  /@rspack/binding-linux-arm64-gnu@1.0.4:
    resolution: {integrity: sha512-Ggo2tLJKOFNsdcg9H3eYSUy03Wrq0PMVIlm50p/LLAMlfYm3kxBDNv7fP13fxlUe/oqXtFcVOlmMezbMH4oz8w==}
    cpu: [arm64]
    os: [linux]
    libc: [glibc]
    requiresBuild: true
    dev: true
    optional: true

  /@rspack/binding-linux-arm64-musl@1.0.4:
    resolution: {integrity: sha512-2FeDh8/THJTH2N4XpFC9oRvdDlkOw6bQ+vS8x1jLUXj+CDwqmUiECjh+78o4qwe1EH2egWDmkq84RQ+KoR37mQ==}
    cpu: [arm64]
    os: [linux]
    libc: [musl]
    requiresBuild: true
    dev: true
    optional: true

  /@rspack/binding-linux-x64-gnu@1.0.4:
    resolution: {integrity: sha512-k2YQ579fDfXBw4KJMvZQQPShFUSln7wqtG59ltNLBejgFSxOtlMfLhY5oSuRvFCtsAS4SQUPOmUmfW/0dpCa7A==}
    cpu: [x64]
    os: [linux]
    libc: [glibc]
    requiresBuild: true
    dev: true
    optional: true

  /@rspack/binding-linux-x64-musl@1.0.4:
    resolution: {integrity: sha512-1Pmuq3qnE45U7uhCJNtRbDiQVF+U4BXbsA+ISNd3Gp/MUZqpuOOgrND9OWw7d+xKRifzEMtd81DaPMkrcXyRvw==}
    cpu: [x64]
    os: [linux]
    libc: [musl]
    requiresBuild: true
    dev: true
    optional: true

  /@rspack/binding-win32-arm64-msvc@1.0.4:
    resolution: {integrity: sha512-3tBP4xTAe8XRAlchMj2nlQXy2GOICA5StFK0kQMRId4V3xfgjlKDb/dMHMEHH4R1to1f9er9R0cRydUNP5AnbQ==}
    cpu: [arm64]
    os: [win32]
    requiresBuild: true
    dev: true
    optional: true

  /@rspack/binding-win32-ia32-msvc@1.0.4:
    resolution: {integrity: sha512-VCXXhOh9aWg31RfvJL87cvqIeL8h+gG2LPkXCJ8kzvQItLg6vlXABCGHf3NlaVUnDtAHnhsAT1sOHiD8G/kMfg==}
    cpu: [ia32]
    os: [win32]
    requiresBuild: true
    dev: true
    optional: true

  /@rspack/binding-win32-x64-msvc@1.0.4:
    resolution: {integrity: sha512-hlhAZVpL1MmGJUZ730JvOL6zc12BlfIIwRNnn0PkCrNSxNOYknkfKVix8CfPU9r8L2W8MOJfsbtjteCiJmJnQA==}
    cpu: [x64]
    os: [win32]
    requiresBuild: true
    dev: true
    optional: true

  /@rspack/binding@1.0.4:
    resolution: {integrity: sha512-YbVyVWvYXCAqUqIyBPEwl+M0js4BqVAxqnsRiZG861MXrqNyYbGOMTcc3Pc6D0SW/gkcWugGWzQ5jgMjAIhHzw==}
    optionalDependencies:
      '@rspack/binding-darwin-arm64': 1.0.4
      '@rspack/binding-darwin-x64': 1.0.4
      '@rspack/binding-linux-arm64-gnu': 1.0.4
      '@rspack/binding-linux-arm64-musl': 1.0.4
      '@rspack/binding-linux-x64-gnu': 1.0.4
      '@rspack/binding-linux-x64-musl': 1.0.4
      '@rspack/binding-win32-arm64-msvc': 1.0.4
      '@rspack/binding-win32-ia32-msvc': 1.0.4
      '@rspack/binding-win32-x64-msvc': 1.0.4
    dev: true

  /@rspack/core@1.0.4(@swc/helpers@0.5.13):
    resolution: {integrity: sha512-/R3JenF5wJSj3DPxiewyIPGzuZV336XpRORjUAOvbHPK6zea8Eeqcx6RopWM6TMikRYdZOHThKV99tyi4QLsMg==}
    engines: {node: '>=16.0.0'}
    peerDependencies:
      '@swc/helpers': '>=0.5.1'
    peerDependenciesMeta:
      '@swc/helpers':
        optional: true
    dependencies:
      '@module-federation/runtime-tools': 0.5.1
      '@rspack/binding': 1.0.4
      '@rspack/lite-tapable': 1.0.0
      '@swc/helpers': 0.5.13
      caniuse-lite: 1.0.30001660
    dev: true

  /@rspack/lite-tapable@1.0.0:
    resolution: {integrity: sha512-7MZf4lburSUZoEenwazwUDKHhqyfnLCGnQ/tKcUtztfmVzfjZfRn/EaiT0AKkYGnL2U8AGsw89oUeVyvaOLVCw==}
    engines: {node: '>=16.0.0'}
    dev: true

  /@swc/helpers@0.5.13:
    resolution: {integrity: sha512-UoKGxQ3r5kYI9dALKJapMmuK+1zWM/H17Z1+iwnNmzcJRnfFuevZs375TA5rW31pu4BS4NoSy1fRsexDXfWn5w==}
    dependencies:
      tslib: 2.7.0
    dev: true

  /@types/estree@1.0.5:
    resolution: {integrity: sha512-/kYRxGDLWzHOB7q+wtSUQlFrtcdUccpfy+X+9iMBpHK8QLLhx2wIPYuS5DYtR9Wa/YlZAbIovy7qVdB1Aq6Lyw==}
    dev: true

  /@types/json-schema@7.0.15:
    resolution: {integrity: sha512-5+fP8P8MFNC+AyZCDxrB2pkZFPGzqQWUzpSeuuVLvm8VMcorNYavBqoFcxK8bQz4Qsbn4oUEEem4wDLfcysGHA==}
    dev: true

  /@types/node@22.5.3:
    resolution: {integrity: sha512-njripolh85IA9SQGTAqbmnNZTdxv7X/4OYGPz8tgy5JDr8MP+uDBa921GpYEoDDnwm0Hmn5ZPeJgiiSTPoOzkQ==}
    dependencies:
      undici-types: 6.19.8
    dev: true

  /@vue/compiler-sfc@2.7.16:
    resolution: {integrity: sha512-KWhJ9k5nXuNtygPU7+t1rX6baZeqOYLEforUPjgNDBnLicfHCoi48H87Q8XyLZOrNNsmhuwKqtpDQWjEFe6Ekg==}
    dependencies:
      '@babel/parser': 7.25.6
      postcss: 8.4.44
      source-map: 0.6.1
    optionalDependencies:
      prettier: 2.8.8
    dev: false

  /@vue/component-compiler-utils@3.3.0:
    resolution: {integrity: sha512-97sfH2mYNU+2PzGrmK2haqffDpVASuib9/w2/noxiFi31Z54hW+q3izKQXXQZSNhtiUpAI36uSuYepeBe4wpHQ==}
    dependencies:
      consolidate: 0.15.1
      hash-sum: 1.0.2
      lru-cache: 4.1.5
      merge-source-map: 1.1.0
      postcss: 7.0.39
      postcss-selector-parser: 6.1.2
      source-map: 0.6.1
      vue-template-es2015-compiler: 1.9.1
    optionalDependencies:
      prettier: 2.8.8
    transitivePeerDependencies:
      - arc-templates
      - atpl
      - babel-core
      - bracket-template
      - coffee-script
      - dot
      - dust
      - dustjs-helpers
      - dustjs-linkedin
      - eco
      - ect
      - ejs
      - haml-coffee
      - hamlet
      - hamljs
      - handlebars
      - hogan.js
      - htmling
      - jade
      - jazz
      - jqtpl
      - just
      - liquid-node
      - liquor
      - lodash
      - marko
      - mote
      - mustache
      - nunjucks
      - plates
      - pug
      - qejs
      - ractive
      - razor-tmpl
      - react
      - react-dom
      - slm
      - squirrelly
      - swig
      - swig-templates
      - teacup
      - templayed
      - then-jade
      - then-pug
      - tinyliquid
      - toffee
      - twig
      - twing
      - underscore
      - vash
      - velocityjs
      - walrus
      - whiskers
    dev: true

  /@webassemblyjs/ast@1.12.1:
    resolution: {integrity: sha512-EKfMUOPRRUTy5UII4qJDGPpqfwjOmZ5jeGFwid9mnoqIFK+e0vqoi1qH56JpmZSzEL53jKnNzScdmftJyG5xWg==}
    dependencies:
      '@webassemblyjs/helper-numbers': 1.11.6
      '@webassemblyjs/helper-wasm-bytecode': 1.11.6
    dev: true

  /@webassemblyjs/floating-point-hex-parser@1.11.6:
    resolution: {integrity: sha512-ejAj9hfRJ2XMsNHk/v6Fu2dGS+i4UaXBXGemOfQ/JfQ6mdQg/WXtwleQRLLS4OvfDhv8rYnVwH27YJLMyYsxhw==}
    dev: true

  /@webassemblyjs/helper-api-error@1.11.6:
    resolution: {integrity: sha512-o0YkoP4pVu4rN8aTJgAyj9hC2Sv5UlkzCHhxqWj8butaLvnpdc2jOwh4ewE6CX0txSfLn/UYaV/pheS2Txg//Q==}
    dev: true

  /@webassemblyjs/helper-buffer@1.12.1:
    resolution: {integrity: sha512-nzJwQw99DNDKr9BVCOZcLuJJUlqkJh+kVzVl6Fmq/tI5ZtEyWT1KZMyOXltXLZJmDtvLCDgwsyrkohEtopTXCw==}
    dev: true

  /@webassemblyjs/helper-numbers@1.11.6:
    resolution: {integrity: sha512-vUIhZ8LZoIWHBohiEObxVm6hwP034jwmc9kuq5GdHZH0wiLVLIPcMCdpJzG4C11cHoQ25TFIQj9kaVADVX7N3g==}
    dependencies:
      '@webassemblyjs/floating-point-hex-parser': 1.11.6
      '@webassemblyjs/helper-api-error': 1.11.6
      '@xtuc/long': 4.2.2
    dev: true

  /@webassemblyjs/helper-wasm-bytecode@1.11.6:
    resolution: {integrity: sha512-sFFHKwcmBprO9e7Icf0+gddyWYDViL8bpPjJJl0WHxCdETktXdmtWLGVzoHbqUcY4Be1LkNfwTmXOJUFZYSJdA==}
    dev: true

  /@webassemblyjs/helper-wasm-section@1.12.1:
    resolution: {integrity: sha512-Jif4vfB6FJlUlSbgEMHUyk1j234GTNG9dBJ4XJdOySoj518Xj0oGsNi59cUQF4RRMS9ouBUxDDdyBVfPTypa5g==}
    dependencies:
      '@webassemblyjs/ast': 1.12.1
      '@webassemblyjs/helper-buffer': 1.12.1
      '@webassemblyjs/helper-wasm-bytecode': 1.11.6
      '@webassemblyjs/wasm-gen': 1.12.1
    dev: true

  /@webassemblyjs/ieee754@1.11.6:
    resolution: {integrity: sha512-LM4p2csPNvbij6U1f19v6WR56QZ8JcHg3QIJTlSwzFcmx6WSORicYj6I63f9yU1kEUtrpG+kjkiIAkevHpDXrg==}
    dependencies:
      '@xtuc/ieee754': 1.2.0
    dev: true

  /@webassemblyjs/leb128@1.11.6:
    resolution: {integrity: sha512-m7a0FhE67DQXgouf1tbN5XQcdWoNgaAuoULHIfGFIEVKA6tu/edls6XnIlkmS6FrXAquJRPni3ZZKjw6FSPjPQ==}
    dependencies:
      '@xtuc/long': 4.2.2
    dev: true

  /@webassemblyjs/utf8@1.11.6:
    resolution: {integrity: sha512-vtXf2wTQ3+up9Zsg8sa2yWiQpzSsMyXj0qViVP6xKGCUT8p8YJ6HqI7l5eCnWx1T/FYdsv07HQs2wTFbbof/RA==}
    dev: true

  /@webassemblyjs/wasm-edit@1.12.1:
    resolution: {integrity: sha512-1DuwbVvADvS5mGnXbE+c9NfA8QRcZ6iKquqjjmR10k6o+zzsRVesil54DKexiowcFCPdr/Q0qaMgB01+SQ1u6g==}
    dependencies:
      '@webassemblyjs/ast': 1.12.1
      '@webassemblyjs/helper-buffer': 1.12.1
      '@webassemblyjs/helper-wasm-bytecode': 1.11.6
      '@webassemblyjs/helper-wasm-section': 1.12.1
      '@webassemblyjs/wasm-gen': 1.12.1
      '@webassemblyjs/wasm-opt': 1.12.1
      '@webassemblyjs/wasm-parser': 1.12.1
      '@webassemblyjs/wast-printer': 1.12.1
    dev: true

  /@webassemblyjs/wasm-gen@1.12.1:
    resolution: {integrity: sha512-TDq4Ojh9fcohAw6OIMXqiIcTq5KUXTGRkVxbSo1hQnSy6lAM5GSdfwWeSxpAo0YzgsgF182E/U0mDNhuA0tW7w==}
    dependencies:
      '@webassemblyjs/ast': 1.12.1
      '@webassemblyjs/helper-wasm-bytecode': 1.11.6
      '@webassemblyjs/ieee754': 1.11.6
      '@webassemblyjs/leb128': 1.11.6
      '@webassemblyjs/utf8': 1.11.6
    dev: true

  /@webassemblyjs/wasm-opt@1.12.1:
    resolution: {integrity: sha512-Jg99j/2gG2iaz3hijw857AVYekZe2SAskcqlWIZXjji5WStnOpVoat3gQfT/Q5tb2djnCjBtMocY/Su1GfxPBg==}
    dependencies:
      '@webassemblyjs/ast': 1.12.1
      '@webassemblyjs/helper-buffer': 1.12.1
      '@webassemblyjs/wasm-gen': 1.12.1
      '@webassemblyjs/wasm-parser': 1.12.1
    dev: true

  /@webassemblyjs/wasm-parser@1.12.1:
    resolution: {integrity: sha512-xikIi7c2FHXysxXe3COrVUPSheuBtpcfhbpFj4gmu7KRLYOzANztwUU0IbsqvMqzuNK2+glRGWCEqZo1WCLyAQ==}
    dependencies:
      '@webassemblyjs/ast': 1.12.1
      '@webassemblyjs/helper-api-error': 1.11.6
      '@webassemblyjs/helper-wasm-bytecode': 1.11.6
      '@webassemblyjs/ieee754': 1.11.6
      '@webassemblyjs/leb128': 1.11.6
      '@webassemblyjs/utf8': 1.11.6
    dev: true

  /@webassemblyjs/wast-printer@1.12.1:
    resolution: {integrity: sha512-+X4WAlOisVWQMikjbcvY2e0rwPsKQ9F688lksZhBcPycBBuii3O7m8FACbDMWDojpAqvjIncrG8J0XHKyQfVeA==}
    dependencies:
      '@webassemblyjs/ast': 1.12.1
      '@xtuc/long': 4.2.2
    dev: true

  /@xtuc/ieee754@1.2.0:
    resolution: {integrity: sha512-DX8nKgqcGwsc0eJSqYt5lwP4DH5FlHnmuWWBRy7X0NcaGR0ZtuyeESgMwTYVEtxmsNGY+qit4QYT/MIYTOTPeA==}
    dev: true

  /@xtuc/long@4.2.2:
    resolution: {integrity: sha512-NuHqBY1PB/D8xU6s/thBgOAiAP7HOYDQ32+BFZILJ8ivkUkAHQnWfn6WhL79Owj1qmUnoN/YPhktdIoucipkAQ==}
    dev: true

  /acorn-import-attributes@1.9.5(acorn@8.12.1):
    resolution: {integrity: sha512-n02Vykv5uA3eHGM/Z2dQrcD56kL8TyDb2p1+0P83PClMnC/nc+anbQRhIOWnSq4Ke/KvDPrY3C9hDtC/A3eHnQ==}
    peerDependencies:
      acorn: ^8
    dependencies:
      acorn: 8.12.1
    dev: true

  /acorn@8.12.1:
    resolution: {integrity: sha512-tcpGyI9zbizT9JbV6oYE477V6mTlXvvi0T0G3SNIYE2apm/G5huBa1+K89VGeovbg+jycCrfhl3ADxErOuO6Jg==}
    engines: {node: '>=0.4.0'}
    hasBin: true
    dev: true

  /ajv-keywords@3.5.2(ajv@6.12.6):
    resolution: {integrity: sha512-5p6WTN0DdTGVQk6VjcEju19IgaHudalcfabD7yhDGeA6bcQnmL+CpveLJq/3hvfwd1aof6L386Ougkx6RfyMIQ==}
    peerDependencies:
      ajv: ^6.9.1
    dependencies:
      ajv: 6.12.6
    dev: true

  /ajv@6.12.6:
    resolution: {integrity: sha512-j3fVLgvTo527anyYyJOGTYJbG+vnnQYvE0m5mmkc1TK+nxAppkCLMIL0aZ4dblVCNoGShhm+kzE4ZUykBoMg4g==}
    dependencies:
      fast-deep-equal: 3.1.3
      fast-json-stable-stringify: 2.1.0
      json-schema-traverse: 0.4.1
      uri-js: 4.4.1
    dev: true

  /big.js@5.2.2:
    resolution: {integrity: sha512-vyL2OymJxmarO8gxMr0mhChsO9QGwhynfuu4+MHTAW6czfq9humCB7rKpUjDd9YUiDPU4mzpyupFSvOClAwbmQ==}
    dev: true

  /bluebird@3.7.2:
    resolution: {integrity: sha512-XpNj6GDQzdfW+r2Wnn7xiSAd7TM3jzkxGXBGTtWKuSXv1xUV+azxAm8jdWZN06QTQk+2N2XB9jRDkvbmQmcRtg==}
    dev: true

  /browserslist@4.23.3:
    resolution: {integrity: sha512-btwCFJVjI4YWDNfau8RhZ+B1Q/VLoUITrm3RlP6y1tYGWIOa+InuYiRGXUBXo8nA1qKmHMyLB/iVQg5TT4eFoA==}
    engines: {node: ^6 || ^7 || ^8 || ^9 || ^10 || ^11 || ^12 || >=13.7}
    hasBin: true
    dependencies:
      caniuse-lite: 1.0.30001655
      electron-to-chromium: 1.5.13
      node-releases: 2.0.18
      update-browserslist-db: 1.1.0(browserslist@4.23.3)
    dev: true

  /buffer-from@1.1.2:
    resolution: {integrity: sha512-E+XQCRwSbaaiChtv6k6Dwgc+bx+Bs6vuKJHHl5kox/BaKbhiXzqQOwK4cO22yElGp2OCmjwVhT3HmxgyPGnJfQ==}
    dev: true

  /caniuse-lite@1.0.30001655:
    resolution: {integrity: sha512-jRGVy3iSGO5Uutn2owlb5gR6qsGngTw9ZTb4ali9f3glshcNmJ2noam4Mo9zia5P9Dk3jNNydy7vQjuE5dQmfg==}
    dev: true

  /caniuse-lite@1.0.30001660:
    resolution: {integrity: sha512-GacvNTTuATm26qC74pt+ad1fW15mlQ/zuTzzY1ZoIzECTP8HURDfF43kNxPgf7H1jmelCBQTTbBNxdSXOA7Bqg==}
    dev: true

  /chrome-trace-event@1.0.4:
    resolution: {integrity: sha512-rNjApaLzuwaOTjCiT8lSDdGN1APCiqkChLMJxJPWLunPAt5fy8xgU9/jNOchV84wfIxrA0lRQB7oCT8jrn/wrQ==}
    engines: {node: '>=6.0'}
    dev: true

  /commander@2.20.3:
    resolution: {integrity: sha512-GpVkmM8vF2vQUkj2LvZmD35JxeJOLCwJ9cUkugyk2nuhbv3+mJvpLYYt+0+USMxE+oj+ey/lJEnhZw75x/OMcQ==}
    dev: true

  /consolidate@0.15.1:
    resolution: {integrity: sha512-DW46nrsMJgy9kqAbPt5rKaCr7uFtpo4mSUvLHIUbJEjm0vo+aY5QLwBUq3FK4tRnJr/X0Psc0C4jf/h+HtXSMw==}
    engines: {node: '>= 0.10.0'}
    deprecated: Please upgrade to consolidate v1.0.0+ as it has been modernized with several long-awaited fixes implemented. Maintenance is supported by Forward Email at https://forwardemail.net ; follow/watch https://github.com/ladjs/consolidate for updates and release changelog
    peerDependencies:
      arc-templates: ^0.5.3
      atpl: '>=0.7.6'
      babel-core: ^6.26.3
      bracket-template: ^1.1.5
      coffee-script: ^1.12.7
      dot: ^1.1.3
      dust: ^0.3.0
      dustjs-helpers: ^1.7.4
      dustjs-linkedin: ^2.7.5
      eco: ^1.1.0-rc-3
      ect: ^0.5.9
      ejs: ^3.1.5
      haml-coffee: ^1.14.1
      hamlet: ^0.3.3
      hamljs: ^0.6.2
      handlebars: ^4.7.6
      hogan.js: ^3.0.2
      htmling: ^0.0.8
      jade: ^1.11.0
      jazz: ^0.0.18
      jqtpl: ~1.1.0
      just: ^0.1.8
      liquid-node: ^3.0.1
      liquor: ^0.0.5
      lodash: ^4.17.20
      marko: ^3.14.4
      mote: ^0.2.0
      mustache: ^3.0.0
      nunjucks: ^3.2.2
      plates: ~0.4.11
      pug: ^3.0.0
      qejs: ^3.0.5
      ractive: ^1.3.12
      razor-tmpl: ^1.3.1
      react: ^16.13.1
      react-dom: ^16.13.1
      slm: ^2.0.0
      squirrelly: ^5.1.0
      swig: ^1.4.2
      swig-templates: ^2.0.3
      teacup: ^2.0.0
      templayed: '>=0.2.3'
      then-jade: '*'
      then-pug: '*'
      tinyliquid: ^0.2.34
      toffee: ^0.3.6
      twig: ^1.15.2
      twing: ^5.0.2
      underscore: ^1.11.0
      vash: ^0.13.0
      velocityjs: ^2.0.1
      walrus: ^0.10.1
      whiskers: ^0.4.0
    peerDependenciesMeta:
      arc-templates:
        optional: true
      atpl:
        optional: true
      babel-core:
        optional: true
      bracket-template:
        optional: true
      coffee-script:
        optional: true
      dot:
        optional: true
      dust:
        optional: true
      dustjs-helpers:
        optional: true
      dustjs-linkedin:
        optional: true
      eco:
        optional: true
      ect:
        optional: true
      ejs:
        optional: true
      haml-coffee:
        optional: true
      hamlet:
        optional: true
      hamljs:
        optional: true
      handlebars:
        optional: true
      hogan.js:
        optional: true
      htmling:
        optional: true
      jade:
        optional: true
      jazz:
        optional: true
      jqtpl:
        optional: true
      just:
        optional: true
      liquid-node:
        optional: true
      liquor:
        optional: true
      lodash:
        optional: true
      marko:
        optional: true
      mote:
        optional: true
      mustache:
        optional: true
      nunjucks:
        optional: true
      plates:
        optional: true
      pug:
        optional: true
      qejs:
        optional: true
      ractive:
        optional: true
      razor-tmpl:
        optional: true
      react:
        optional: true
      react-dom:
        optional: true
      slm:
        optional: true
      squirrelly:
        optional: true
      swig:
        optional: true
      swig-templates:
        optional: true
      teacup:
        optional: true
      templayed:
        optional: true
      then-jade:
        optional: true
      then-pug:
        optional: true
      tinyliquid:
        optional: true
      toffee:
        optional: true
      twig:
        optional: true
      twing:
        optional: true
      underscore:
        optional: true
      vash:
        optional: true
      velocityjs:
        optional: true
      walrus:
        optional: true
      whiskers:
        optional: true
    dependencies:
      bluebird: 3.7.2
    dev: true

  /core-js@3.38.1:
    resolution: {integrity: sha512-OP35aUorbU3Zvlx7pjsFdu1rGNnD4pgw/CWoYzRY3t2EzoVT7shKHY1dlAy3f41cGIO7ZDPQimhGFTlEYkG/Hw==}
    requiresBuild: true
    dev: true

  /css-loader@7.1.2(webpack@5.94.0):
    resolution: {integrity: sha512-6WvYYn7l/XEGN8Xu2vWFt9nVzrCn39vKyTEFf/ExEyoksJjjSZV/0/35XPlMbpnr6VGhZIUg5yJrL8tGfes/FA==}
    engines: {node: '>= 18.12.0'}
    peerDependencies:
      '@rspack/core': 0.x || 1.x
      webpack: ^5.27.0
    peerDependenciesMeta:
      '@rspack/core':
        optional: true
      webpack:
        optional: true
    dependencies:
      icss-utils: 5.1.0(postcss@8.4.44)
      postcss: 8.4.44
      postcss-modules-extract-imports: 3.1.0(postcss@8.4.44)
      postcss-modules-local-by-default: 4.0.5(postcss@8.4.44)
      postcss-modules-scope: 3.2.0(postcss@8.4.44)
      postcss-modules-values: 4.0.0(postcss@8.4.44)
      postcss-value-parser: 4.2.0
      semver: 7.6.3
      webpack: 5.94.0
    dev: true

  /cssesc@3.0.0:
    resolution: {integrity: sha512-/Tb/JcjK111nNScGob5MNtsntNM1aCNUDipB/TkwZFhyDrrE47SOx/18wF2bbjgc3ZzCSKW1T5nt5EbFoAz/Vg==}
    engines: {node: '>=4'}
    hasBin: true
    dev: true

  /csstype@3.1.3:
    resolution: {integrity: sha512-M1uQkMl8rQK/szD0LNhtqxIPLpimGm8sOBwU7lLnCpSbTyY3yeU1Vc7l4KT5zT4s/yOxHH5O7tIuuLOCnLADRw==}
    dev: false

  /electron-to-chromium@1.5.13:
    resolution: {integrity: sha512-lbBcvtIJ4J6sS4tb5TLp1b4LyfCdMkwStzXPyAgVgTRAsep4bvrAGaBOP7ZJtQMNJpSQ9SqG4brWOroNaQtm7Q==}
    dev: true

  /emojis-list@3.0.0:
    resolution: {integrity: sha512-/kyM18EfinwXZbno9FyUGeFh87KC8HRQBQGildHZbEuRyWFOmv1U10o9BBp8XVZDVNNuQKyIGIu5ZYAAXJ0V2Q==}
    engines: {node: '>= 4'}
    dev: true

  /enhanced-resolve@5.17.1:
    resolution: {integrity: sha512-LMHl3dXhTcfv8gM4kEzIUeTQ+7fpdA0l2tUf34BddXPkz2A5xJ5L/Pchd5BL6rdccM9QGvu0sWZzK1Z1t4wwyg==}
    engines: {node: '>=10.13.0'}
    dependencies:
      graceful-fs: 4.2.11
      tapable: 2.2.1
    dev: true

  /es-module-lexer@1.5.4:
    resolution: {integrity: sha512-MVNK56NiMrOwitFB7cqDwq0CQutbw+0BvLshJSse0MUNU+y1FC3bUS/AQg7oUng+/wKrrki7JfmwtVHkVfPLlw==}
    dev: true

  /escalade@3.2.0:
    resolution: {integrity: sha512-WUj2qlxaQtO4g6Pq5c29GTcWGDyd8itL8zTlipgECz3JesAiiOKotd8JU6otB3PACgG6xkJUyVhboMS+bje/jA==}
    engines: {node: '>=6'}
    dev: true

  /eslint-scope@5.1.1:
    resolution: {integrity: sha512-2NxwbF/hZ0KpepYN0cNbo+FN6XoK7GaHlQhgx/hIZl6Va0bF45RQOOwhLIy8lQDbuCiadSLCBnH2CFYquit5bw==}
    engines: {node: '>=8.0.0'}
    dependencies:
      esrecurse: 4.3.0
      estraverse: 4.3.0
    dev: true

  /esrecurse@4.3.0:
    resolution: {integrity: sha512-KmfKL3b6G+RXvP8N1vr3Tq1kL/oCFgn2NYXEtqP8/L3pKapUA4G8cFVaoF3SU323CD4XypR/ffioHmkti6/Tag==}
    engines: {node: '>=4.0'}
    dependencies:
      estraverse: 5.3.0
    dev: true

  /estraverse@4.3.0:
    resolution: {integrity: sha512-39nnKffWz8xN1BU/2c79n9nB9HDzo0niYUqx6xyqUnyoAnQyyWpOTdZEeiCch8BBu515t4wp9ZmgVfVhn9EBpw==}
    engines: {node: '>=4.0'}
    dev: true

  /estraverse@5.3.0:
    resolution: {integrity: sha512-MMdARuVEQziNTeJD8DgMqmhwR11BRQ/cBP+pLtYdSTnf3MIO8fFeiINEbX36ZdNlfU/7A9f3gUw49B3oQsvwBA==}
    engines: {node: '>=4.0'}
    dev: true

  /events@3.3.0:
    resolution: {integrity: sha512-mQw+2fkQbALzQ7V0MY0IqdnXNOeTtP4r0lN9z7AAawCXgqea7bDii20AYrIBrFd/Hx0M2Ocz6S111CaFkUcb0Q==}
    engines: {node: '>=0.8.x'}
    dev: true

  /fast-deep-equal@3.1.3:
    resolution: {integrity: sha512-f3qQ9oQy9j2AhBe/H9VC91wLmKBCCU/gDOnKNAYG5hswO7BLKj09Hc5HYNz9cGI++xlpDCIgDaitVs03ATR84Q==}
    dev: true

  /fast-json-stable-stringify@2.1.0:
    resolution: {integrity: sha512-lhd/wF+Lk98HZoTCtlVraHtfh5XYijIjalXck7saUtuanSDyLMxnHhSXEDJqHxD7msR8D0uCmqlkwjCV8xvwHw==}
    dev: true

  /fsevents@2.3.3:
    resolution: {integrity: sha512-5xoDfX+fL7faATnagmWPpbFtwh/R77WmMMqqHGS65C3vvB0YHrgF+B1YmZ3441tMj5n63k0212XNoJwzlhffQw==}
    engines: {node: ^8.16.0 || ^10.6.0 || >=11.0.0}
    os: [darwin]
    requiresBuild: true
    dev: true
    optional: true

  /glob-to-regexp@0.4.1:
    resolution: {integrity: sha512-lkX1HJXwyMcprw/5YUZc2s7DrpAiHB21/V+E1rHUrVNokkvB6bqMzT0VfV6/86ZNabt1k14YOIaT7nDvOX3Iiw==}
    dev: true

  /graceful-fs@4.2.11:
    resolution: {integrity: sha512-RbJ5/jmFcNNCcDV5o9eTnBLJ/HszWV0P73bc+Ff4nS/rJj+YaS6IGyiOL0VoBYX+l1Wrl3k63h/KrH+nhJ0XvQ==}
    dev: true

  /has-flag@4.0.0:
    resolution: {integrity: sha512-EykJT/Q1KjTWctppgIAgfSO0tKVuZUjhgMr17kqTumMl6Afv3EISleU7qZUzoXDFTAHTDC4NOoG/ZxU3EvlMPQ==}
    engines: {node: '>=8'}
    dev: true

  /hash-sum@1.0.2:
    resolution: {integrity: sha512-fUs4B4L+mlt8/XAtSOGMUO1TXmAelItBPtJG7CyHJfYTdDjwisntGO2JQz7oUsatOY9o68+57eziUVNw/mRHmA==}
    dev: true

  /icss-utils@5.1.0(postcss@8.4.44):
    resolution: {integrity: sha512-soFhflCVWLfRNOPU3iv5Z9VUdT44xFRbzjLsEzSr5AQmgqPMTHdU3PMT1Cf1ssx8fLNJDA1juftYl+PUcv3MqA==}
    engines: {node: ^10 || ^12 || >= 14}
    peerDependencies:
      postcss: ^8.1.0
    dependencies:
      postcss: 8.4.44
    dev: true

  /jest-worker@27.5.1:
    resolution: {integrity: sha512-7vuh85V5cdDofPyxn58nrPjBktZo0u9x1g8WtjQol+jZDaE+fhN+cIvTj11GndBnMnyfrUOG1sZQxCdjKh+DKg==}
    engines: {node: '>= 10.13.0'}
    dependencies:
      '@types/node': 22.5.3
      merge-stream: 2.0.0
      supports-color: 8.1.1
    dev: true

  /json-parse-even-better-errors@2.3.1:
    resolution: {integrity: sha512-xyFwyhro/JEof6Ghe2iz2NcXoj2sloNsWr/XsERDK/oiPCfaNhl5ONfp+jQdAZRQQ0IJWNzH9zIZF7li91kh2w==}
    dev: true

  /json-schema-traverse@0.4.1:
    resolution: {integrity: sha512-xbbCH5dCYU5T8LcEhhuh7HJ88HXuW3qsI3Y0zOZFKfZEHcpWiHU/Jxzk629Brsab/mMiHQti9wMP+845RPe3Vg==}
    dev: true

  /json5@1.0.2:
    resolution: {integrity: sha512-g1MWMLBiz8FKi1e4w0UyVL3w+iJceWAFBAaBnnGKOpNa5f8TLktkbre1+s6oICydWAm+HRUGTmI+//xv2hvXYA==}
    hasBin: true
    dependencies:
      minimist: 1.2.8
    dev: true

  /loader-runner@4.3.0:
    resolution: {integrity: sha512-3R/1M+yS3j5ou80Me59j7F9IMs4PXs3VqRrm0TU3AbKPxlmpoY1TNscJV/oGJXo8qCatFGTfDbY6W6ipGOYXfg==}
    engines: {node: '>=6.11.5'}
    dev: true

  /loader-utils@1.4.2:
    resolution: {integrity: sha512-I5d00Pd/jwMD2QCduo657+YM/6L3KZu++pmX9VFncxaxvHcru9jx1lBaFft+r4Mt2jK0Yhp41XlRAihzPxHNCg==}
    engines: {node: '>=4.0.0'}
    dependencies:
      big.js: 5.2.2
      emojis-list: 3.0.0
      json5: 1.0.2
    dev: true

  /lru-cache@4.1.5:
    resolution: {integrity: sha512-sWZlbEP2OsHNkXrMl5GYk/jKk70MBng6UU4YI/qGDYbgf6YbP4EvmqISbXCoJiRKs+1bSpFHVgQxvJ17F2li5g==}
    dependencies:
      pseudomap: 1.0.2
      yallist: 2.1.2
    dev: true

  /merge-source-map@1.1.0:
    resolution: {integrity: sha512-Qkcp7P2ygktpMPh2mCQZaf3jhN6D3Z/qVZHSdWvQ+2Ef5HgRAPBO57A77+ENm0CPx2+1Ce/MYKi3ymqdfuqibw==}
    dependencies:
      source-map: 0.6.1
    dev: true

  /merge-stream@2.0.0:
    resolution: {integrity: sha512-abv/qOcuPfk3URPfDzmZU1LKmuw8kT+0nIHvKrKgFrwifol/doWcdA4ZqsWQ8ENrFKkd67Mfpo/LovbIUsbt3w==}
    dev: true

  /mime-db@1.52.0:
    resolution: {integrity: sha512-sPU4uV7dYlvtWJxwwxHD0PuihVNiE7TyAbQ5SWxDCB9mUYvOgroQOwYQQOKPJ8CIbE+1ETVlOoK1UC2nU3gYvg==}
    engines: {node: '>= 0.6'}
    dev: true

  /mime-types@2.1.35:
    resolution: {integrity: sha512-ZDY+bPm5zTTF+YpCrAU9nK0UgICYPT0QtT1NZWFv4s++TNkcgVaT0g6+4R2uI4MjQjzysHB1zxuWL50hzaeXiw==}
    engines: {node: '>= 0.6'}
    dependencies:
      mime-db: 1.52.0
    dev: true

  /minimist@1.2.8:
    resolution: {integrity: sha512-2yyAR8qBkN3YuheJanUpWC5U3bb5osDywNB8RzDVlDwDHbocAJveqqj1u8+SVD7jkWT4yvsHCpWqqWqAxb0zCA==}
    dev: true

  /nanoid@3.3.7:
    resolution: {integrity: sha512-eSRppjcPIatRIMC1U6UngP8XFcz8MQWGQdt1MTBQ7NaAmvXDfvNxbvWV3x2y6CdEUciCSsDHDQZbhYaB8QEo2g==}
    engines: {node: ^10 || ^12 || ^13.7 || ^14 || >=15.0.1}
    hasBin: true

  /neo-async@2.6.2:
    resolution: {integrity: sha512-Yd3UES5mWCSqR+qNT93S3UoYUkqAZ9lLg8a7g9rimsWmYGK8cVToA4/sF3RrshdyV3sAGMXVUmpMYOw+dLpOuw==}
    dev: true

  /node-releases@2.0.18:
    resolution: {integrity: sha512-d9VeXT4SJ7ZeOqGX6R5EM022wpL+eWPooLI+5UpWn2jCT1aosUQEhQP214x33Wkwx3JQMvIm+tIoVOdodFS40g==}
    dev: true

  /picocolors@0.2.1:
    resolution: {integrity: sha512-cMlDqaLEqfSaW8Z7N5Jw+lyIW869EzT73/F5lhtY9cLGoVxSXznfgfXMO0Z5K0o0Q2TkTXq+0KFsdnSe3jDViA==}
    dev: true

  /picocolors@1.1.0:
    resolution: {integrity: sha512-TQ92mBOW0l3LeMeyLV6mzy/kWr8lkd/hp3mTg7wYK7zJhuBStmGMBG0BdeDZS/dZx1IukaX6Bk11zcln25o1Aw==}

  /postcss-modules-extract-imports@3.1.0(postcss@8.4.44):
    resolution: {integrity: sha512-k3kNe0aNFQDAZGbin48pL2VNidTF0w4/eASDsxlyspobzU3wZQLOGj7L9gfRe0Jo9/4uud09DsjFNH7winGv8Q==}
    engines: {node: ^10 || ^12 || >= 14}
    peerDependencies:
      postcss: ^8.1.0
    dependencies:
      postcss: 8.4.44
    dev: true

  /postcss-modules-local-by-default@4.0.5(postcss@8.4.44):
    resolution: {integrity: sha512-6MieY7sIfTK0hYfafw1OMEG+2bg8Q1ocHCpoWLqOKj3JXlKu4G7btkmM/B7lFubYkYWmRSPLZi5chid63ZaZYw==}
    engines: {node: ^10 || ^12 || >= 14}
    peerDependencies:
      postcss: ^8.1.0
    dependencies:
      icss-utils: 5.1.0(postcss@8.4.44)
      postcss: 8.4.44
      postcss-selector-parser: 6.1.2
      postcss-value-parser: 4.2.0
    dev: true

  /postcss-modules-scope@3.2.0(postcss@8.4.44):
    resolution: {integrity: sha512-oq+g1ssrsZOsx9M96c5w8laRmvEu9C3adDSjI8oTcbfkrTE8hx/zfyobUoWIxaKPO8bt6S62kxpw5GqypEw1QQ==}
    engines: {node: ^10 || ^12 || >= 14}
    peerDependencies:
      postcss: ^8.1.0
    dependencies:
      postcss: 8.4.44
      postcss-selector-parser: 6.1.2
    dev: true

  /postcss-modules-values@4.0.0(postcss@8.4.44):
    resolution: {integrity: sha512-RDxHkAiEGI78gS2ofyvCsu7iycRv7oqw5xMWn9iMoR0N/7mf9D50ecQqUo5BZ9Zh2vH4bCUR/ktCqbB9m8vJjQ==}
    engines: {node: ^10 || ^12 || >= 14}
    peerDependencies:
      postcss: ^8.1.0
    dependencies:
      icss-utils: 5.1.0(postcss@8.4.44)
      postcss: 8.4.44
    dev: true

  /postcss-selector-parser@6.1.2:
    resolution: {integrity: sha512-Q8qQfPiZ+THO/3ZrOrO0cJJKfpYCagtMUkXbnEfmgUjwXg6z/WBeOyS9APBBPCTSiDV+s4SwQGu8yFsiMRIudg==}
    engines: {node: '>=4'}
    dependencies:
      cssesc: 3.0.0
      util-deprecate: 1.0.2
    dev: true

  /postcss-value-parser@4.2.0:
    resolution: {integrity: sha512-1NNCs6uurfkVbeXG4S8JFT9t19m45ICnif8zWLd5oPSZ50QnwMfK+H3jv408d4jw/7Bttv5axS5IiHoLaVNHeQ==}
    dev: true

  /postcss@7.0.39:
    resolution: {integrity: sha512-yioayjNbHn6z1/Bywyb2Y4s3yvDAeXGOyxqD+LnVOinq6Mdmd++SW2wUNVzavyyHxd6+DxzWGIuosg6P1Rj8uA==}
    engines: {node: '>=6.0.0'}
    dependencies:
      picocolors: 0.2.1
      source-map: 0.6.1
    dev: true

  /postcss@8.4.44:
    resolution: {integrity: sha512-Aweb9unOEpQ3ezu4Q00DPvvM2ZTUitJdNKeP/+uQgr1IBIqu574IaZoURId7BKtWMREwzKa9OgzPzezWGPWFQw==}
    engines: {node: ^10 || ^12 || >=14}
    dependencies:
      nanoid: 3.3.7
      picocolors: 1.1.0
      source-map-js: 1.2.0

  /prettier@2.8.8:
    resolution: {integrity: sha512-tdN8qQGvNjw4CHbY+XXk0JgCXn9QiF21a55rBe5LJAU+kDyC4WQn4+awm2Xfk2lQMk5fKup9XgzTZtGkjBdP9Q==}
    engines: {node: '>=10.13.0'}
    hasBin: true
    requiresBuild: true
    optional: true

  /pseudomap@1.0.2:
    resolution: {integrity: sha512-b/YwNhb8lk1Zz2+bXXpS/LK9OisiZZ1SNsSLxN1x2OXVEhW2Ckr/7mWE5vrC1ZTiJlD9g19jWszTmJsB+oEpFQ==}
    dev: true

  /punycode@2.3.1:
    resolution: {integrity: sha512-vYt7UD1U9Wg6138shLtLOvdAu+8DsC/ilFtEVHcH+wydcSpNE20AfSOduf6MkRFahL5FY7X1oU7nKVZFtfq8Fg==}
    engines: {node: '>=6'}
    dev: true

  /randombytes@2.1.0:
    resolution: {integrity: sha512-vYl3iOX+4CKUWuxGi9Ukhie6fsqXqS9FE2Zaic4tNFD2N2QQaXOMFbuKK4QmDHC0JO6B1Zp41J0LpT0oR68amQ==}
    dependencies:
      safe-buffer: 5.2.1
    dev: true

  /safe-buffer@5.2.1:
    resolution: {integrity: sha512-rp3So07KcdmmKbGvgaNxQSJr7bGVSVk5S9Eq1F+ppbRo70+YeaDxkw5Dd8NPN+GD6bjnYm2VuPuCXmpuYvmCXQ==}
    dev: true

  /schema-utils@3.3.0:
    resolution: {integrity: sha512-pN/yOAvcC+5rQ5nERGuwrjLlYvLTbCibnZ1I7B1LaiAz9BRBlE9GMgE/eqV30P7aJQUf7Ddimy/RsbYO/GrVGg==}
    engines: {node: '>= 10.13.0'}
    dependencies:
      '@types/json-schema': 7.0.15
      ajv: 6.12.6
      ajv-keywords: 3.5.2(ajv@6.12.6)
    dev: true

  /semver@7.6.3:
    resolution: {integrity: sha512-oVekP1cKtI+CTDvHWYFUcMtsK/00wmAEfyqKfNdARm8u1wNVhSgaX7A8d4UuIlUI5e84iEwOhs7ZPYRmzU9U6A==}
    engines: {node: '>=10'}
    hasBin: true
    dev: true

  /serialize-javascript@6.0.2:
    resolution: {integrity: sha512-Saa1xPByTTq2gdeFZYLLo+RFE35NHZkAbqZeWNd3BpzppeVisAqpDjcp8dyf6uIvEqJRd46jemmyA4iFIeVk8g==}
    dependencies:
      randombytes: 2.1.0
    dev: true

  /source-map-js@1.2.0:
    resolution: {integrity: sha512-itJW8lvSA0TXEphiRoawsCksnlf8SyvmFzIhltqAHluXd88pkCd+cXJVHTDwdCr0IzwptSm035IHQktUu1QUMg==}
    engines: {node: '>=0.10.0'}

  /source-map-support@0.5.21:
    resolution: {integrity: sha512-uBHU3L3czsIyYXKX88fdrGovxdSCoTGDRZ6SYXtSRxLZUzHg5P/66Ht6uoUlHu9EZod+inXhKo3qQgwXUT/y1w==}
    dependencies:
      buffer-from: 1.1.2
      source-map: 0.6.1
    dev: true

  /source-map@0.6.1:
    resolution: {integrity: sha512-UjgapumWlbMhkBgzT7Ykc5YXUT46F0iKu8SGXq0bcwP5dz/h0Plj6enJqjz1Zbq2l5WaqYnrVbwWOWMyF3F47g==}
    engines: {node: '>=0.10.0'}

  /supports-color@8.1.1:
    resolution: {integrity: sha512-MpUEN2OodtUzxvKQl72cUF7RQ5EiHsGvSsVG0ia9c5RbWGL2CI4C7EpPS8UTBIplnlzZiNuV56w+FuNxy3ty2Q==}
    engines: {node: '>=10'}
    dependencies:
      has-flag: 4.0.0
    dev: true

  /tapable@2.2.1:
    resolution: {integrity: sha512-GNzQvQTOIP6RyTfE2Qxb8ZVlNmw0n88vp1szwWRimP02mnTsx3Wtn5qRdqY9w2XduFNUgvOwhNnQsjwCp+kqaQ==}
    engines: {node: '>=6'}
    dev: true

  /terser-webpack-plugin@5.3.10(webpack@5.94.0):
    resolution: {integrity: sha512-BKFPWlPDndPs+NGGCr1U59t0XScL5317Y0UReNrHaw9/FwhPENlq6bfgs+4yPfyP51vqC1bQ4rp1EfXW5ZSH9w==}
    engines: {node: '>= 10.13.0'}
    peerDependencies:
      '@swc/core': '*'
      esbuild: '*'
      uglify-js: '*'
      webpack: ^5.1.0
    peerDependenciesMeta:
      '@swc/core':
        optional: true
      esbuild:
        optional: true
      uglify-js:
        optional: true
    dependencies:
      '@jridgewell/trace-mapping': 0.3.25
      jest-worker: 27.5.1
      schema-utils: 3.3.0
      serialize-javascript: 6.0.2
      terser: 5.31.6
      webpack: 5.94.0
    dev: true

  /terser@5.31.6:
    resolution: {integrity: sha512-PQ4DAriWzKj+qgehQ7LK5bQqCFNMmlhjR2PFFLuqGCpuCAauxemVBWwWOxo3UIwWQx8+Pr61Df++r76wDmkQBg==}
    engines: {node: '>=10'}
    hasBin: true
    dependencies:
      '@jridgewell/source-map': 0.3.6
      acorn: 8.12.1
      commander: 2.20.3
      source-map-support: 0.5.21
    dev: true

  /to-fast-properties@2.0.0:
    resolution: {integrity: sha512-/OaKK0xYrs3DmxRYqL/yDc+FxFUVYhDlXMhRmv3z915w2HF1tnN1omB354j8VUGO/hbRzyD6Y3sA7v7GS/ceog==}
    engines: {node: '>=4'}
    dev: false

  /tslib@2.7.0:
    resolution: {integrity: sha512-gLXCKdN1/j47AiHiOkJN69hJmcbGTHI0ImLmbYLHykhgeN0jVGola9yVjFgzCUklsZQMW55o+dW7IXv3RCXDzA==}
    dev: true

  /undici-types@6.19.8:
    resolution: {integrity: sha512-ve2KP6f/JnbPBFyobGHuerC9g1FYGn/F8n1LWTwNxCEzd6IfqTwUQcNXgEtmmQ6DlRrC1hrSrBnCZPokRrDHjw==}
    dev: true

  /update-browserslist-db@1.1.0(browserslist@4.23.3):
    resolution: {integrity: sha512-EdRAaAyk2cUE1wOf2DkEhzxqOQvFOoRJFNS6NeyJ01Gp2beMRpBAINjM2iDXE3KCuKhwnvHIQCJm6ThL2Z+HzQ==}
    hasBin: true
    peerDependencies:
      browserslist: '>= 4.21.0'
    dependencies:
      browserslist: 4.23.3
      escalade: 3.2.0
      picocolors: 1.1.0
    dev: true

  /uri-js@4.4.1:
    resolution: {integrity: sha512-7rKUyy33Q1yc98pQ1DAmLtwX109F7TIfWlW1Ydo8Wl1ii1SeHieeh0HHfPeL2fMXK6z0s8ecKs9frCuLJvndBg==}
    dependencies:
      punycode: 2.3.1
    dev: true

  /util-deprecate@1.0.2:
    resolution: {integrity: sha512-EPD5q1uXyFxJpCrLnCc1nHnq3gOa6DZBocAIiI2TaSCA7VCJ1UJDMagCzIkXNsUYfD1daK//LTEQ8xiIbrHtcw==}
    dev: true

  /vue-hot-reload-api@2.3.4:
    resolution: {integrity: sha512-BXq3jwIagosjgNVae6tkHzzIk6a8MHFtzAdwhnV5VlvPTFxDCvIttgSiHWjdGoTJvXtmRu5HacExfdarRcFhog==}
    dev: true

  /vue-loader@15.11.1(css-loader@7.1.2)(webpack@5.94.0):
    resolution: {integrity: sha512-0iw4VchYLePqJfJu9s62ACWUXeSqM30SQqlIftbYWM3C+jpPcEHKSPUZBLjSF9au4HTHQ/naF6OGnO3Q/qGR3Q==}
    peerDependencies:
      '@vue/compiler-sfc': ^3.0.8
      cache-loader: '*'
      css-loader: '*'
      prettier: '*'
      vue-template-compiler: '*'
      webpack: ^3.0.0 || ^4.1.0 || ^5.0.0-0
    peerDependenciesMeta:
      '@vue/compiler-sfc':
        optional: true
      cache-loader:
        optional: true
      prettier:
        optional: true
      vue-template-compiler:
        optional: true
    dependencies:
      '@vue/component-compiler-utils': 3.3.0
      css-loader: 7.1.2(webpack@5.94.0)
      hash-sum: 1.0.2
      loader-utils: 1.4.2
      vue-hot-reload-api: 2.3.4
      vue-style-loader: 4.1.3
      webpack: 5.94.0
    transitivePeerDependencies:
      - arc-templates
      - atpl
      - babel-core
      - bracket-template
      - coffee-script
      - dot
      - dust
      - dustjs-helpers
      - dustjs-linkedin
      - eco
      - ect
      - ejs
      - haml-coffee
      - hamlet
      - hamljs
      - handlebars
      - hogan.js
      - htmling
      - jade
      - jazz
      - jqtpl
      - just
      - liquid-node
      - liquor
      - lodash
      - marko
      - mote
      - mustache
      - nunjucks
      - plates
      - pug
      - qejs
      - ractive
      - razor-tmpl
      - react
      - react-dom
      - slm
      - squirrelly
      - swig
      - swig-templates
      - teacup
      - templayed
      - then-jade
      - then-pug
      - tinyliquid
      - toffee
      - twig
      - twing
      - underscore
      - vash
      - velocityjs
      - walrus
      - whiskers
    dev: true

  /vue-router@3.6.5(vue@2.7.16):
    resolution: {integrity: sha512-VYXZQLtjuvKxxcshuRAwjHnciqZVoXAjTjcqBTz4rKc8qih9g9pI3hbDjmqXaHdgL3v8pV6P8Z335XvHzESxLQ==}
    peerDependencies:
      vue: ^2
    dependencies:
      vue: 2.7.16
    dev: false

  /vue-style-loader@4.1.3:
    resolution: {integrity: sha512-sFuh0xfbtpRlKfm39ss/ikqs9AbKCoXZBpHeVZ8Tx650o0k0q/YCM7FRvigtxpACezfq6af+a7JeqVTWvncqDg==}
    dependencies:
      hash-sum: 1.0.2
      loader-utils: 1.4.2
    dev: true

  /vue-template-es2015-compiler@1.9.1:
    resolution: {integrity: sha512-4gDntzrifFnCEvyoO8PqyJDmguXgVPxKiIxrBKjIowvL9l+N66196+72XVYR8BBf1Uv1Fgt3bGevJ+sEmxfZzw==}
    dev: true

  /vue@2.7.16:
    resolution: {integrity: sha512-4gCtFXaAA3zYZdTp5s4Hl2sozuySsgz4jy1EnpBHNfpMa9dK1ZCG7viqBPCwXtmgc8nHqUsAu3G4gtmXkkY3Sw==}
    deprecated: Vue 2 has reached EOL and is no longer actively maintained. See https://v2.vuejs.org/eol/ for more details.
    dependencies:
      '@vue/compiler-sfc': 2.7.16
      csstype: 3.1.3
    dev: false

  /watchpack@2.4.2:
    resolution: {integrity: sha512-TnbFSbcOCcDgjZ4piURLCbJ3nJhznVh9kw6F6iokjiFPl8ONxe9A6nMDVXDiNbrSfLILs6vB07F7wLBrwPYzJw==}
    engines: {node: '>=10.13.0'}
    dependencies:
      glob-to-regexp: 0.4.1
      graceful-fs: 4.2.11
    dev: true

  /webpack-sources@3.2.3:
    resolution: {integrity: sha512-/DyMEOrDgLKKIG0fmvtz+4dUX/3Ghozwgm6iPp8KRhvn+eQf9+Q7GWxVNMk3+uCPWfdXYC4ExGBckIXdFEfH1w==}
    engines: {node: '>=10.13.0'}
    dev: true

  /webpack@5.94.0:
    resolution: {integrity: sha512-KcsGn50VT+06JH/iunZJedYGUJS5FGjow8wb9c0v5n1Om8O1g4L6LjtfxwlXIATopoQu+vOXXa7gYisWxCoPyg==}
    engines: {node: '>=10.13.0'}
    hasBin: true
    peerDependencies:
      webpack-cli: '*'
    peerDependenciesMeta:
      webpack-cli:
        optional: true
    dependencies:
      '@types/estree': 1.0.5
      '@webassemblyjs/ast': 1.12.1
      '@webassemblyjs/wasm-edit': 1.12.1
      '@webassemblyjs/wasm-parser': 1.12.1
      acorn: 8.12.1
      acorn-import-attributes: 1.9.5(acorn@8.12.1)
      browserslist: 4.23.3
      chrome-trace-event: 1.0.4
      enhanced-resolve: 5.17.1
      es-module-lexer: 1.5.4
      eslint-scope: 5.1.1
      events: 3.3.0
      glob-to-regexp: 0.4.1
      graceful-fs: 4.2.11
      json-parse-even-better-errors: 2.3.1
      loader-runner: 4.3.0
      mime-types: 2.1.35
      neo-async: 2.6.2
      schema-utils: 3.3.0
      tapable: 2.2.1
      terser-webpack-plugin: 5.3.10(webpack@5.94.0)
      watchpack: 2.4.2
      webpack-sources: 3.2.3
    transitivePeerDependencies:
      - '@swc/core'
      - esbuild
      - uglify-js
    dev: true

  /yallist@2.1.2:
    resolution: {integrity: sha512-ncTzHV7NvsQZkYe1DW7cbDLm0YpzHmZF5r/iyP3ZnQtMiJ+pjzisCiMNI+Sj+xQF5pXhSHxSB3uDbsBTzY/c2A==}
    dev: true
